
Microsoft Visual Studio Solution File, Format Version 12.00
# Visual Studio Version 16
VisualStudioVersion = 16.0.28407.52
MinimumVisualStudioVersion = 10.0.40219.1
Project("{FAE04EC0-301F-11D3-BF4B-00C04F79EFBC}") = "VirtualCashCard", "VirtualCashCard.csproj", "{F5888BB8-3E18-478F-9986-39B470F5FC84}"
EndProject
Project("{FAE04EC0-301F-11D3-BF4B-00C04F79EFBC}") = "VirtualCashCard.Tests", "VirtualCashCard.Tests\VirtualCashCard.Tests.csproj", "{678FE81A-16C5-4884-A343-3E9E73BF5311}"
EndProject
Project("{FAE04EC0-301F-11D3-BF4B-00C04F79EFBC}") = "VirtualCashCard.ServiceProviders", "VirtualCashCard.ServiceProviders\VirtualCashCard.ServiceProviders.csproj", "{8D333C74-F86F-4213-9F89-FFB6D0F64F89}"
EndProject
Global
	GlobalSection(SolutionConfigurationPlatforms) = preSolution
		Debug|Any CPU = Debug|Any CPU
		Release|Any CPU = Release|Any CPU
	EndGlobalSection
	GlobalSection(ProjectConfigurationPlatforms) = postSolution
		{F5888BB8-3E18-478F-9986-39B470F5FC84}.Debug|Any CPU.ActiveCfg = Debug|Any CPU
		{F5888BB8-3E18-478F-9986-39B470F5FC84}.Debug|Any CPU.Build.0 = Debug|Any CPU
		{F5888BB8-3E18-478F-9986-39B470F5FC84}.Release|Any CPU.ActiveCfg = Release|Any CPU
		{F5888BB8-3E18-478F-9986-39B470F5FC84}.Release|Any CPU.Build.0 = Release|Any CPU
		{678FE81A-16C5-4884-A343-3E9E73BF5311}.Debug|Any CPU.ActiveCfg = Debug|Any CPU
		{678FE81A-16C5-4884-A343-3E9E73BF5311}.Debug|Any CPU.Build.0 = Debug|Any CPU
		{678FE81A-16C5-4884-A343-3E9E73BF5311}.Release|Any CPU.ActiveCfg = Release|Any CPU
		{678FE81A-16C5-4884-A343-3E9E73BF5311}.Release|Any CPU.Build.0 = Release|Any CPU
		{8D333C74-F86F-4213-9F89-FFB6D0F64F89}.Debug|Any CPU.ActiveCfg = Debug|Any CPU
		{8D333C74-F86F-4213-9F89-FFB6D0F64F89}.Debug|Any CPU.Build.0 = Debug|Any CPU
		{8D333C74-F86F-4213-9F89-FFB6D0F64F89}.Release|Any CPU.ActiveCfg = Release|Any CPU
		{8D333C74-F86F-4213-9F89-FFB6D0F64F89}.Release|Any CPU.Build.0 = Release|Any CPU
	EndGlobalSection
	GlobalSection(SolutionProperties) = preSolution
		HideSolutionNode = FALSE
	EndGlobalSection
	GlobalSection(ExtensibilityGlobals) = postSolution
		SolutionGuid = {08E595D0-DCAD-4628-8842-1E53C43A2C2A}
	EndGlobalSection
EndGlobal
